
Microsoft Visual Studio Solution File, Format Version 12.00
# Visual Studio 15
VisualStudioVersion = 15.0.26730.3
MinimumVisualStudioVersion = 10.0.40219.1
Project("{FAE04EC0-301F-11D3-BF4B-00C04F79EFBC}") = "DiepTDSolution", "DiepTDSolution\DiepTDSolution.csproj", "{1512CF48-F3BD-41A1-8CA2-292476A5C103}"
EndProject
Global
	GlobalSection(SolutionConfigurationPlatforms) = preSolution
		Debug|Any CPU = Debug|Any CPU
		Release|Any CPU = Release|Any CPU
	EndGlobalSection
	GlobalSection(ProjectConfigurationPlatforms) = postSolution
		{1512CF48-F3BD-41A1-8CA2-292476A5C103}.Debug|Any CPU.ActiveCfg = Debug|Any CPU
		{1512CF48-F3BD-41A1-8CA2-292476A5C103}.Debug|Any CPU.Build.0 = Debug|Any CPU
		{1512CF48-F3BD-41A1-8CA2-292476A5C103}.Release|Any CPU.ActiveCfg = Release|Any CPU
		{1512CF48-F3BD-41A1-8CA2-292476A5C103}.Release|Any CPU.Build.0 = Release|Any CPU
	EndGlobalSection
	GlobalSection(SolutionProperties) = preSolution
		HideSolutionNode = FALSE
	EndGlobalSection
	GlobalSection(ExtensibilityGlobals) = postSolution
		SolutionGuid = {526B3010-00ED-430C-BF55-87C6E90195E1}
	EndGlobalSection
EndGlobal
